// !$*UTF8*$!
{
	archiveVersion = 1;
	classes = {
	};
	objectVersion = 48;
	objects = {

/* Begin PBXBuildFile section */
		DE12FEE11F73B5BF0067FB06 /* AppDelegate.swift in Sources */ = {isa = PBXBuildFile; fileRef = DE12FEE01F73B5BF0067FB06 /* AppDelegate.swift */; };
		DE12FEE61F73B5BF0067FB06 /* Main.storyboard in Resources */ = {isa = PBXBuildFile; fileRef = DE12FEE41F73B5BF0067FB06 /* Main.storyboard */; };
		DE12FEE91F73B5BF0067FB06 /* Goals.xcdatamodeld in Sources */ = {isa = PBXBuildFile; fileRef = DE12FEE71F73B5BF0067FB06 /* Goals.xcdatamodeld */; };
		DE12FEEB1F73B5BF0067FB06 /* Assets.xcassets in Resources */ = {isa = PBXBuildFile; fileRef = DE12FEEA1F73B5BF0067FB06 /* Assets.xcassets */; };
		DE12FEEE1F73B5BF0067FB06 /* LaunchScreen.storyboard in Resources */ = {isa = PBXBuildFile; fileRef = DE12FEEC1F73B5BF0067FB06 /* LaunchScreen.storyboard */; };
		DE2E924D1F73B87B00B14249 /* GoalsVC.swift in Sources */ = {isa = PBXBuildFile; fileRef = DE2E924C1F73B87B00B14249 /* GoalsVC.swift */; };
		DED8544E1F748A96009A7390 /* GoalCell.swift in Sources */ = {isa = PBXBuildFile; fileRef = DED8544D1F748A96009A7390 /* GoalCell.swift */; };
		DED854501F74A285009A7390 /* GoalType.swift in Sources */ = {isa = PBXBuildFile; fileRef = DED8544F1F74A285009A7390 /* GoalType.swift */; };
		DED854521F74B2ED009A7390 /* CreateGoalVC.swift in Sources */ = {isa = PBXBuildFile; fileRef = DED854511F74B2ED009A7390 /* CreateGoalVC.swift */; };
		DED854541F74B5CB009A7390 /* UIVCExtension.swift in Sources */ = {isa = PBXBuildFile; fileRef = DED854531F74B5CB009A7390 /* UIVCExtension.swift */; };
		DED854561F74BEA8009A7390 /* UIViewExt.swift in Sources */ = {isa = PBXBuildFile; fileRef = DED854551F74BEA8009A7390 /* UIViewExt.swift */; };
		DED854581F74C2B7009A7390 /* UIButtonExt.swift in Sources */ = {isa = PBXBuildFile; fileRef = DED854571F74C2B7009A7390 /* UIButtonExt.swift */; };
/* End PBXBuildFile section */

/* Begin PBXFileReference section */
		DE12FEDD1F73B5BF0067FB06 /* Goals.app */ = {isa = PBXFileReference; explicitFileType = wrapper.application; includeInIndex = 0; path = Goals.app; sourceTree = BUILT_PRODUCTS_DIR; };
		DE12FEE01F73B5BF0067FB06 /* AppDelegate.swift */ = {isa = PBXFileReference; lastKnownFileType = sourcecode.swift; path = AppDelegate.swift; sourceTree = "<group>"; };
		DE12FEE51F73B5BF0067FB06 /* Base */ = {isa = PBXFileReference; lastKnownFileType = file.storyboard; name = Base; path = Base.lproj/Main.storyboard; sourceTree = "<group>"; };
		DE12FEE81F73B5BF0067FB06 /* Goals.xcdatamodel */ = {isa = PBXFileReference; lastKnownFileType = wrapper.xcdatamodel; path = Goals.xcdatamodel; sourceTree = "<group>"; };
		DE12FEEA1F73B5BF0067FB06 /* Assets.xcassets */ = {isa = PBXFileReference; lastKnownFileType = folder.assetcatalog; path = Assets.xcassets; sourceTree = "<group>"; };
		DE12FEED1F73B5BF0067FB06 /* Base */ = {isa = PBXFileReference; lastKnownFileType = file.storyboard; name = Base; path = Base.lproj/LaunchScreen.storyboard; sourceTree = "<group>"; };
		DE12FEEF1F73B5BF0067FB06 /* Info.plist */ = {isa = PBXFileReference; lastKnownFileType = text.plist.xml; path = Info.plist; sourceTree = "<group>"; };
		DE2E924C1F73B87B00B14249 /* GoalsVC.swift */ = {isa = PBXFileReference; lastKnownFileType = sourcecode.swift; path = GoalsVC.swift; sourceTree = "<group>"; };
		DED8544D1F748A96009A7390 /* GoalCell.swift */ = {isa = PBXFileReference; lastKnownFileType = sourcecode.swift; path = GoalCell.swift; sourceTree = "<group>"; };
		DED8544F1F74A285009A7390 /* GoalType.swift */ = {isa = PBXFileReference; lastKnownFileType = sourcecode.swift; path = GoalType.swift; sourceTree = "<group>"; };
		DED854511F74B2ED009A7390 /* CreateGoalVC.swift */ = {isa = PBXFileReference; lastKnownFileType = sourcecode.swift; path = CreateGoalVC.swift; sourceTree = "<group>"; };
		DED854531F74B5CB009A7390 /* UIVCExtension.swift */ = {isa = PBXFileReference; lastKnownFileType = sourcecode.swift; path = UIVCExtension.swift; sourceTree = "<group>"; };
		DED854551F74BEA8009A7390 /* UIViewExt.swift */ = {isa = PBXFileReference; lastKnownFileType = sourcecode.swift; path = UIViewExt.swift; sourceTree = "<group>"; };
		DED854571F74C2B7009A7390 /* UIButtonExt.swift */ = {isa = PBXFileReference; lastKnownFileType = sourcecode.swift; path = UIButtonExt.swift; sourceTree = "<group>"; };
/* End PBXFileReference section */

/* Begin PBXFrameworksBuildPhase section */
		DE12FEDA1F73B5BF0067FB06 /* Frameworks */ = {
			isa = PBXFrameworksBuildPhase;
			buildActionMask = 2147483647;
			files = (
			);
			runOnlyForDeploymentPostprocessing = 0;
		};
/* End PBXFrameworksBuildPhase section */

/* Begin PBXGroup section */
		DE12FED41F73B5BF0067FB06 = {
			isa = PBXGroup;
			children = (
				DE12FEDF1F73B5BF0067FB06 /* Goals */,
				DE12FEDE1F73B5BF0067FB06 /* Products */,
			);
			sourceTree = "<group>";
		};
		DE12FEDE1F73B5BF0067FB06 /* Products */ = {
			isa = PBXGroup;
			children = (
				DE12FEDD1F73B5BF0067FB06 /* Goals.app */,
			);
			name = Products;
			sourceTree = "<group>";
		};
		DE12FEDF1F73B5BF0067FB06 /* Goals */ = {
			isa = PBXGroup;
			children = (
				DE2E924B1F73B71100B14249 /* Extensions */,
				DE2E924A1F73B70B00B14249 /* Enums */,
				DE2E92491F73B70600B14249 /* Views */,
				DE2E92481F73B6F700B14249 /* Controllers */,
				DE12FEE01F73B5BF0067FB06 /* AppDelegate.swift */,
				DE12FEE41F73B5BF0067FB06 /* Main.storyboard */,
				DE12FEEA1F73B5BF0067FB06 /* Assets.xcassets */,
				DE12FEEC1F73B5BF0067FB06 /* LaunchScreen.storyboard */,
				DE12FEEF1F73B5BF0067FB06 /* Info.plist */,
				DE12FEE71F73B5BF0067FB06 /* Goals.xcdatamodeld */,
			);
			path = Goals;
			sourceTree = "<group>";
		};
		DE2E92481F73B6F700B14249 /* Controllers */ = {
			isa = PBXGroup;
			children = (
				DE2E924C1F73B87B00B14249 /* GoalsVC.swift */,
				DED854511F74B2ED009A7390 /* CreateGoalVC.swift */,
			);
			path = Controllers;
			sourceTree = "<group>";
		};
		DE2E92491F73B70600B14249 /* Views */ = {
			isa = PBXGroup;
			children = (
				DED8544D1F748A96009A7390 /* GoalCell.swift */,
			);
			path = Views;
			sourceTree = "<group>";
		};
		DE2E924A1F73B70B00B14249 /* Enums */ = {
			isa = PBXGroup;
			children = (
				DED8544F1F74A285009A7390 /* GoalType.swift */,
			);
			path = Enums;
			sourceTree = "<group>";
		};
		DE2E924B1F73B71100B14249 /* Extensions */ = {
			isa = PBXGroup;
			children = (
				DED854531F74B5CB009A7390 /* UIVCExtension.swift */,
				DED854551F74BEA8009A7390 /* UIViewExt.swift */,
				DED854571F74C2B7009A7390 /* UIButtonExt.swift */,
			);
			path = Extensions;
			sourceTree = "<group>";
		};
/* End PBXGroup section */

/* Begin PBXNativeTarget section */
		DE12FEDC1F73B5BF0067FB06 /* Goals */ = {
			isa = PBXNativeTarget;
			buildConfigurationList = DE12FEF21F73B5BF0067FB06 /* Build configuration list for PBXNativeTarget "Goals" */;
			buildPhases = (
				DE12FED91F73B5BF0067FB06 /* Sources */,
				DE12FEDA1F73B5BF0067FB06 /* Frameworks */,
				DE12FEDB1F73B5BF0067FB06 /* Resources */,
			);
			buildRules = (
			);
			dependencies = (
			);
			name = Goals;
			productName = Goals;
			productReference = DE12FEDD1F73B5BF0067FB06 /* Goals.app */;
			productType = "com.apple.product-type.application";
		};
/* End PBXNativeTarget section */

/* Begin PBXProject section */
		DE12FED51F73B5BF0067FB06 /* Project object */ = {
			isa = PBXProject;
			attributes = {
				LastSwiftUpdateCheck = 0900;
				LastUpgradeCheck = 0900;
				ORGANIZATIONNAME = "Steve Baker";
				TargetAttributes = {
					DE12FEDC1F73B5BF0067FB06 = {
						CreatedOnToolsVersion = 9.0;
						ProvisioningStyle = Automatic;
					};
				};
			};
			buildConfigurationList = DE12FED81F73B5BF0067FB06 /* Build configuration list for PBXProject "Goals" */;
			compatibilityVersion = "Xcode 8.0";
			developmentRegion = en;
			hasScannedForEncodings = 0;
			knownRegions = (
				en,
				Base,
			);
			mainGroup = DE12FED41F73B5BF0067FB06;
			productRefGroup = DE12FEDE1F73B5BF0067FB06 /* Products */;
			projectDirPath = "";
			projectRoot = "";
			targets = (
				DE12FEDC1F73B5BF0067FB06 /* Goals */,
			);
		};
/* End PBXProject section */

/* Begin PBXResourcesBuildPhase section */
		DE12FEDB1F73B5BF0067FB06 /* Resources */ = {
			isa = PBXResourcesBuildPhase;
			buildActionMask = 2147483647;
			files = (
				DE12FEEE1F73B5BF0067FB06 /* LaunchScreen.storyboard in Resources */,
				DE12FEEB1F73B5BF0067FB06 /* Assets.xcassets in Resources */,
				DE12FEE61F73B5BF0067FB06 /* Main.storyboard in Resources */,
			);
			runOnlyForDeploymentPostprocessing = 0;
		};
/* End PBXResourcesBuildPhase section */

/* Begin PBXSourcesBuildPhase section */
		DE12FED91F73B5BF0067FB06 /* Sources */ = {
			isa = PBXSourcesBuildPhase;
			buildActionMask = 2147483647;
			files = (
				DED8544E1F748A96009A7390 /* GoalCell.swift in Sources */,
				DED854521F74B2ED009A7390 /* CreateGoalVC.swift in Sources */,
				DED854541F74B5CB009A7390 /* UIVCExtension.swift in Sources */,
				DED854501F74A285009A7390 /* GoalType.swift in Sources */,
				DED854561F74BEA8009A7390 /* UIViewExt.swift in Sources */,
				DE2E924D1F73B87B00B14249 /* GoalsVC.swift in Sources */,
				DE12FEE11F73B5BF0067FB06 /* AppDelegate.swift in Sources */,
				DED854581F74C2B7009A7390 /* UIButtonExt.swift in Sources */,
				DE12FEE91F73B5BF0067FB06 /* Goals.xcdatamodeld in Sources */,
			);
			runOnlyForDeploymentPostprocessing = 0;
		};
/* End PBXSourcesBuildPhase section */

/* Begin PBXVariantGroup section */
		DE12FEE41F73B5BF0067FB06 /* Main.storyboard */ = {
			isa = PBXVariantGroup;
			children = (
				DE12FEE51F73B5BF0067FB06 /* Base */,
			);
			name = Main.storyboard;
			sourceTree = "<group>";
		};
		DE12FEEC1F73B5BF0067FB06 /* LaunchScreen.storyboard */ = {
			isa = PBXVariantGroup;
			children = (
				DE12FEED1F73B5BF0067FB06 /* Base */,
			);
			name = LaunchScreen.storyboard;
			sourceTree = "<group>";
		};
/* End PBXVariantGroup section */

/* Begin XCBuildConfiguration section */
		DE12FEF01F73B5BF0067FB06 /* Debug */ = {
			isa = XCBuildConfiguration;
			buildSettings = {
				ALWAYS_SEARCH_USER_PATHS = NO;
				CLANG_ANALYZER_NONNULL = YES;
				CLANG_ANALYZER_NUMBER_OBJECT_CONVERSION = YES_AGGRESSIVE;
				CLANG_CXX_LANGUAGE_STANDARD = "gnu++14";
				CLANG_CXX_LIBRARY = "libc++";
				CLANG_ENABLE_MODULES = YES;
				CLANG_ENABLE_OBJC_ARC = YES;
				CLANG_WARN_BLOCK_CAPTURE_AUTORELEASING = YES;
				CLANG_WARN_BOOL_CONVERSION = YES;
				CLANG_WARN_COMMA = YES;
				CLANG_WARN_CONSTANT_CONVERSION = YES;
				CLANG_WARN_DIRECT_OBJC_ISA_USAGE = YES_ERROR;
				CLANG_WARN_DOCUMENTATION_COMMENTS = YES;
				CLANG_WARN_EMPTY_BODY = YES;
				CLANG_WARN_ENUM_CONVERSION = YES;
				CLANG_WARN_INFINITE_RECURSION = YES;
				CLANG_WARN_INT_CONVERSION = YES;
				CLANG_WARN_NON_LITERAL_NULL_CONVERSION = YES;
				CLANG_WARN_OBJC_LITERAL_CONVERSION = YES;
				CLANG_WARN_OBJC_ROOT_CLASS = YES_ERROR;
				CLANG_WARN_RANGE_LOOP_ANALYSIS = YES;
				CLANG_WARN_STRICT_PROTOTYPES = YES;
				CLANG_WARN_SUSPICIOUS_MOVE = YES;
				CLANG_WARN_UNGUARDED_AVAILABILITY = YES_AGGRESSIVE;
				CLANG_WARN_UNREACHABLE_CODE = YES;
				CLANG_WARN__DUPLICATE_METHOD_MATCH = YES;
				CODE_SIGN_IDENTITY = "iPhone Developer";
				COPY_PHASE_STRIP = NO;
				DEBUG_INFORMATION_FORMAT = dwarf;
				ENABLE_STRICT_OBJC_MSGSEND = YES;
				ENABLE_TESTABILITY = YES;
				GCC_C_LANGUAGE_STANDARD = gnu11;
				GCC_DYNAMIC_NO_PIC = NO;
				GCC_NO_COMMON_BLOCKS = YES;
				GCC_OPTIMIZATION_LEVEL = 0;
				GCC_PREPROCESSOR_DEFINITIONS = (
					"DEBUG=1",
					"$(inherited)",
				);
				GCC_WARN_64_TO_32_BIT_CONVERSION = YES;
				GCC_WARN_ABOUT_RETURN_TYPE = YES_ERROR;
				GCC_WARN_UNDECLARED_SELECTOR = YES;
				GCC_WARN_UNINITIALIZED_AUTOS = YES_AGGRESSIVE;
				GCC_WARN_UNUSED_FUNCTION = YES;
				GCC_WARN_UNUSED_VARIABLE = YES;
				IPHONEOS_DEPLOYMENT_TARGET = 11.0;
				MTL_ENABLE_DEBUG_INFO = YES;
				ONLY_ACTIVE_ARCH = YES;
				SDKROOT = iphoneos;
				SWIFT_ACTIVE_COMPILATION_CONDITIONS = DEBUG;
				SWIFT_OPTIMIZATION_LEVEL = "-Onone";
			};
			name = Debug;
		};
		DE12FEF11F73B5BF0067FB06 /* Release */ = {
			isa = XCBuildConfiguration;
			buildSettings = {
				ALWAYS_SEARCH_USER_PATHS = NO;
				CLANG_ANALYZER_NONNULL = YES;
				CLANG_ANALYZER_NUMBER_OBJECT_CONVERSION = YES_AGGRESSIVE;
				CLANG_CXX_LANGUAGE_STANDARD = "gnu++14";
				CLANG_CXX_LIBRARY = "libc++";
				CLANG_ENABLE_MODULES = YES;
				CLANG_ENABLE_OBJC_ARC = YES;
				CLANG_WARN_BLOCK_CAPTURE_AUTORELEASING = YES;
				CLANG_WARN_BOOL_CONVERSION = YES;
				CLANG_WARN_COMMA = YES;
				CLANG_WARN_CONSTANT_CONVERSION = YES;
				CLANG_WARN_DIRECT_OBJC_ISA_USAGE = YES_ERROR;
				CLANG_WARN_DOCUMENTATION_COMMENTS = YES;
				CLANG_WARN_EMPTY_BODY = YES;
				CLANG_WARN_ENUM_CONVERSION = YES;
				CLANG_WARN_INFINITE_RECURSION = YES;
				CLANG_WARN_INT_CONVERSION = YES;
				CLANG_WARN_NON_LITERAL_NULL_CONVERSION = YES;
				CLANG_WARN_OBJC_LITERAL_CONVERSION = YES;
				CLANG_WARN_OBJC_ROOT_CLASS = YES_ERROR;
				CLANG_WARN_RANGE_LOOP_ANALYSIS = YES;
				CLANG_WARN_STRICT_PROTOTYPES = YES;
				CLANG_WARN_SUSPICIOUS_MOVE = YES;
				CLANG_WARN_UNGUARDED_AVAILABILITY = YES_AGGRESSIVE;
				CLANG_WARN_UNREACHABLE_CODE = YES;
				CLANG_WARN__DUPLICATE_METHOD_MATCH = YES;
				CODE_SIGN_IDENTITY = "iPhone Developer";
				COPY_PHASE_STRIP = NO;
				DEBUG_INFORMATION_FORMAT = "dwarf-with-dsym";
				ENABLE_NS_ASSERTIONS = NO;
				ENABLE_STRICT_OBJC_MSGSEND = YES;
				GCC_C_LANGUAGE_STANDARD = gnu11;
				GCC_NO_COMMON_BLOCKS = YES;
				GCC_WARN_64_TO_32_BIT_CONVERSION = YES;
				GCC_WARN_ABOUT_RETURN_TYPE = YES_ERROR;
				GCC_WARN_UNDECLARED_SELECTOR = YES;
				GCC_WARN_UNINITIALIZED_AUTOS = YES_AGGRESSIVE;
				GCC_WARN_UNUSED_FUNCTION = YES;
				GCC_WARN_UNUSED_VARIABLE = YES;
				IPHONEOS_DEPLOYMENT_TARGET = 11.0;
				MTL_ENABLE_DEBUG_INFO = NO;
				SDKROOT = iphoneos;
				SWIFT_OPTIMIZATION_LEVEL = "-Owholemodule";
				VALIDATE_PRODUCT = YES;
			};
			name = Release;
		};
		DE12FEF31F73B5BF0067FB06 /* Debug */ = {
			isa = XCBuildConfiguration;
			buildSettings = {
				ASSETCATALOG_COMPILER_APPICON_NAME = AppIcon;
				CODE_SIGN_STYLE = Automatic;
				DEVELOPMENT_TEAM = 7658X4F5N4;
				INFOPLIST_FILE = Goals/Info.plist;
				LD_RUNPATH_SEARCH_PATHS = "$(inherited) @executable_path/Frameworks";
				PRODUCT_BUNDLE_IDENTIFIER = "SGB-Imagery.Goals";
				PRODUCT_NAME = "$(TARGET_NAME)";
				SWIFT_VERSION = 4.0;
				TARGETED_DEVICE_FAMILY = "1,2";
			};
			name = Debug;
		};
		DE12FEF41F73B5BF0067FB06 /* Release */ = {
			isa = XCBuildConfiguration;
			buildSettings = {
				ASSETCATALOG_COMPILER_APPICON_NAME = AppIcon;
				CODE_SIGN_STYLE = Automatic;
				DEVELOPMENT_TEAM = 7658X4F5N4;
				INFOPLIST_FILE = Goals/Info.plist;
				LD_RUNPATH_SEARCH_PATHS = "$(inherited) @executable_path/Frameworks";
				PRODUCT_BUNDLE_IDENTIFIER = "SGB-Imagery.Goals";
				PRODUCT_NAME = "$(TARGET_NAME)";
				SWIFT_VERSION = 4.0;
				TARGETED_DEVICE_FAMILY = "1,2";
			};
			name = Release;
		};
/* End XCBuildConfiguration section */

/* Begin XCConfigurationList section */
		DE12FED81F73B5BF0067FB06 /* Build configuration list for PBXProject "Goals" */ = {
			isa = XCConfigurationList;
			buildConfigurations = (
				DE12FEF01F73B5BF0067FB06 /* Debug */,
				DE12FEF11F73B5BF0067FB06 /* Release */,
			);
			defaultConfigurationIsVisible = 0;
			defaultConfigurationName = Release;
		};
		DE12FEF21F73B5BF0067FB06 /* Build configuration list for PBXNativeTarget "Goals" */ = {
			isa = XCConfigurationList;
			buildConfigurations = (
				DE12FEF31F73B5BF0067FB06 /* Debug */,
				DE12FEF41F73B5BF0067FB06 /* Release */,
			);
			defaultConfigurationIsVisible = 0;
			defaultConfigurationName = Release;
		};
/* End XCConfigurationList section */

/* Begin XCVersionGroup section */
		DE12FEE71F73B5BF0067FB06 /* Goals.xcdatamodeld */ = {
			isa = XCVersionGroup;
			children = (
				DE12FEE81F73B5BF0067FB06 /* Goals.xcdatamodel */,
			);
			currentVersion = DE12FEE81F73B5BF0067FB06 /* Goals.xcdatamodel */;
			path = Goals.xcdatamodeld;
			sourceTree = "<group>";
			versionGroupType = wrapper.xcdatamodel;
		};
/* End XCVersionGroup section */
	};
	rootObject = DE12FED51F73B5BF0067FB06 /* Project object */;
}
